{
  "requires": true,
  "lockfileVersion": 1,
  "dependencies": {
    "@agm/core": {
      "version": "3.0.0-beta.0",
      "resolved": "https://registry.npmjs.org/@agm/core/-/core-3.0.0-beta.0.tgz",
      "integrity": "sha512-KNmKbe89Nen7s7+mX63RgX88jBfajUZCFqkHIQ8Fd+Lf/ko/IY6yw4kPh0iYGxgPVPjpsHJ06GZ5m3ZxpEVX9A==",
      "requires": {
        "tslib": "^2.0.0"
      }
    },
    "leaflet.heat": {
      "version": "0.2.0",
      "resolved": "https://registry.npmjs.org/leaflet.heat/-/leaflet.heat-0.2.0.tgz",
      "integrity": "sha1-EJ2M9Ybwre5B8Fr/Ax4np3/swik="
    },
    "tslib": {
      "version": "2.2.0",
      "resolved": "https://registry.npmjs.org/tslib/-/tslib-2.2.0.tgz",
      "integrity": "sha512-gS9GVHRU+RGn5KQM2rllAlR3dU6m7AcpJKdtH8gFvQiC4Otgk98XnmMU+nZenHt/+VhnBPWwgrJsyrdcw6i23w=="
    },
    "types.leaflet.heat": {
      "version": "1.0.3",
      "resolved": "https://registry.npmjs.org/types.leaflet.heat/-/types.leaflet.heat-1.0.3.tgz",
      "integrity": "sha512-QCzalV8T1CoiT4OU2EeDrhL4c3Ui7JvvrD8UGXa8b1ueizCAVQNzCSB0fnrilVnVr6dl0az0XtRgwfX90yOLUw=="
    }
  }
}
