{
  "requires": true,
  "lockfileVersion": 1,
  "dependencies": {
    "@ionic-native/geolocation": {
      "version": "5.32.1",
      "resolved": "https://registry.npmjs.org/@ionic-native/geolocation/-/geolocation-5.32.1.tgz",
      "integrity": "sha512-6X12IeL/ykc0lNeSxHCavEEtpviT54oFApksMu6tJjlVY086lRm4LnC5A2xZ001QkePa7Cdz10/m59Ne5E3qWg==",
      "requires": {
        "@types/cordova": "^0.0.34"
      }
    },
    "@types/cordova": {
      "version": "0.0.34",
      "resolved": "https://registry.npmjs.org/@types/cordova/-/cordova-0.0.34.tgz",
      "integrity": "sha1-6nrd907Ow9dimCegw54smt3HPQQ="
    }
  }
}
